
Microsoft Visual Studio Solution File, Format Version 12.00
# Visual Studio Version 17
VisualStudioVersion = 17.8.34601.278
MinimumVisualStudioVersion = 10.0.40219.1
Project("{888888A0-9F3D-457C-B088-3A5042F75D52}") = "trendyolscience-3", "trendyolscience-3.pyproj", "{A178AE6F-680E-4E06-810C-C8CCB748984F}"
EndProject
Global
	GlobalSection(SolutionConfigurationPlatforms) = preSolution
		Debug|Any CPU = Debug|Any CPU
		Release|Any CPU = Release|Any CPU
	EndGlobalSection
	GlobalSection(ProjectConfigurationPlatforms) = postSolution
		{A178AE6F-680E-4E06-810C-C8CCB748984F}.Debug|Any CPU.ActiveCfg = Debug|Any CPU
		{A178AE6F-680E-4E06-810C-C8CCB748984F}.Release|Any CPU.ActiveCfg = Release|Any CPU
	EndGlobalSection
	GlobalSection(SolutionProperties) = preSolution
		HideSolutionNode = FALSE
	EndGlobalSection
	GlobalSection(ExtensibilityGlobals) = postSolution
		SolutionGuid = {55F28F92-A792-48DF-B7C2-7641740C1201}
	EndGlobalSection
EndGlobal
