
Microsoft Visual Studio Solution File, Format Version 12.00
# Visual Studio Version 17
VisualStudioVersion = 17.8.34601.278
MinimumVisualStudioVersion = 10.0.40219.1
Project("{888888A0-9F3D-457C-B088-3A5042F75D52}") = "trendyolscience-4-py", "trendyolscience-4-py.pyproj", "{8799801A-2640-4E14-A123-23E5BABB7671}"
EndProject
Global
	GlobalSection(SolutionConfigurationPlatforms) = preSolution
		Debug|Any CPU = Debug|Any CPU
		Release|Any CPU = Release|Any CPU
	EndGlobalSection
	GlobalSection(ProjectConfigurationPlatforms) = postSolution
		{8799801A-2640-4E14-A123-23E5BABB7671}.Debug|Any CPU.ActiveCfg = Debug|Any CPU
		{8799801A-2640-4E14-A123-23E5BABB7671}.Release|Any CPU.ActiveCfg = Release|Any CPU
	EndGlobalSection
	GlobalSection(SolutionProperties) = preSolution
		HideSolutionNode = FALSE
	EndGlobalSection
	GlobalSection(ExtensibilityGlobals) = postSolution
		SolutionGuid = {37B7290D-67A8-4765-95F8-03FFD811438C}
	EndGlobalSection
EndGlobal
