
Microsoft Visual Studio Solution File, Format Version 12.00
# Visual Studio Version 17
VisualStudioVersion = 17.8.34601.278
MinimumVisualStudioVersion = 10.0.40219.1
Project("{888888A0-9F3D-457C-B088-3A5042F75D52}") = "trendyolscience5-py", "trendyolscience5-py.pyproj", "{5AB87BB1-3512-4B51-9BCA-39C611AC8A5F}"
EndProject
Global
	GlobalSection(SolutionConfigurationPlatforms) = preSolution
		Debug|Any CPU = Debug|Any CPU
		Release|Any CPU = Release|Any CPU
	EndGlobalSection
	GlobalSection(ProjectConfigurationPlatforms) = postSolution
		{5AB87BB1-3512-4B51-9BCA-39C611AC8A5F}.Debug|Any CPU.ActiveCfg = Debug|Any CPU
		{5AB87BB1-3512-4B51-9BCA-39C611AC8A5F}.Release|Any CPU.ActiveCfg = Release|Any CPU
	EndGlobalSection
	GlobalSection(SolutionProperties) = preSolution
		HideSolutionNode = FALSE
	EndGlobalSection
	GlobalSection(ExtensibilityGlobals) = postSolution
		SolutionGuid = {2D29D5D5-E755-453D-9EFB-D793419F6252}
	EndGlobalSection
EndGlobal
